
Microsoft Visual Studio Solution File, Format Version 12.00
# Visual Studio Version 16
VisualStudioVersion = 16.0.32802.440
MinimumVisualStudioVersion = 10.0.40219.1
Project("{9A19103F-16F7-4668-BE54-9A1E7A4F7556}") = "TaskManagerCrud", "TaskManagerCrud\TaskManagerCrud.csproj", "{A6BC280C-BF07-4E81-9A2B-AF63832FE603}"
EndProject
Project("{FAE04EC0-301F-11D3-BF4B-00C04F79EFBC}") = "ApiTestProject", "ApiTestProject\ApiTestProject.csproj", "{4D663EA7-24DE-428D-9124-D6C2ADCC8BF7}"
EndProject
Global
	GlobalSection(SolutionConfigurationPlatforms) = preSolution
		Debug|Any CPU = Debug|Any CPU
		Release|Any CPU = Release|Any CPU
	EndGlobalSection
	GlobalSection(ProjectConfigurationPlatforms) = postSolution
		{A6BC280C-BF07-4E81-9A2B-AF63832FE603}.Debug|Any CPU.ActiveCfg = Debug|Any CPU
		{A6BC280C-BF07-4E81-9A2B-AF63832FE603}.Debug|Any CPU.Build.0 = Debug|Any CPU
		{A6BC280C-BF07-4E81-9A2B-AF63832FE603}.Release|Any CPU.ActiveCfg = Release|Any CPU
		{A6BC280C-BF07-4E81-9A2B-AF63832FE603}.Release|Any CPU.Build.0 = Release|Any CPU
		{4D663EA7-24DE-428D-9124-D6C2ADCC8BF7}.Debug|Any CPU.ActiveCfg = Debug|Any CPU
		{4D663EA7-24DE-428D-9124-D6C2ADCC8BF7}.Debug|Any CPU.Build.0 = Debug|Any CPU
		{4D663EA7-24DE-428D-9124-D6C2ADCC8BF7}.Release|Any CPU.ActiveCfg = Release|Any CPU
		{4D663EA7-24DE-428D-9124-D6C2ADCC8BF7}.Release|Any CPU.Build.0 = Release|Any CPU
	EndGlobalSection
	GlobalSection(SolutionProperties) = preSolution
		HideSolutionNode = FALSE
	EndGlobalSection
	GlobalSection(ExtensibilityGlobals) = postSolution
		SolutionGuid = {A27FB66E-98FD-4C5C-B876-A928D4436ED4}
	EndGlobalSection
EndGlobal
